
Microsoft Visual Studio Solution File, Format Version 12.00
# Visual Studio Version 16
VisualStudioVersion = 16.0.30114.105
MinimumVisualStudioVersion = 10.0.40219.1
Project("{888888A0-9F3D-457C-B088-3A5042F75D52}") = "reading_server", "reading_server.pyproj", "{55060B21-FCF8-4A4F-B095-501CB0FBBAFD}"
EndProject
Global
	GlobalSection(SolutionConfigurationPlatforms) = preSolution
		Debug|Any CPU = Debug|Any CPU
		Release|Any CPU = Release|Any CPU
	EndGlobalSection
	GlobalSection(ProjectConfigurationPlatforms) = postSolution
		{55060B21-FCF8-4A4F-B095-501CB0FBBAFD}.Debug|Any CPU.ActiveCfg = Debug|Any CPU
		{55060B21-FCF8-4A4F-B095-501CB0FBBAFD}.Debug|Any CPU.Build.0 = Debug|Any CPU
		{55060B21-FCF8-4A4F-B095-501CB0FBBAFD}.Release|Any CPU.ActiveCfg = Release|Any CPU
		{55060B21-FCF8-4A4F-B095-501CB0FBBAFD}.Release|Any CPU.Build.0 = Release|Any CPU
	EndGlobalSection
	GlobalSection(SolutionProperties) = preSolution
		HideSolutionNode = FALSE
	EndGlobalSection
	GlobalSection(ExtensibilityGlobals) = postSolution
		SolutionGuid = {40BA8278-824D-483B-AB88-830309856BB4}
	EndGlobalSection
EndGlobal
